
Microsoft Visual Studio Solution File, Format Version 12.00
# Visual Studio Version 16
VisualStudioVersion = 16.0.32126.315
MinimumVisualStudioVersion = 10.0.40219.1
Project("{FAE04EC0-301F-11D3-BF4B-00C04F79EFBC}") = "BRINCANDO COM OPERADORES ARITIMETRICOS", "BRINCANDO COM OPERADORES ARITIMETRICOS\BRINCANDO COM OPERADORES ARITIMETRICOS.csproj", "{96883EE9-C8BB-4546-8B2F-ECE9F2C7FF8D}"
EndProject
Global
	GlobalSection(SolutionConfigurationPlatforms) = preSolution
		Debug|Any CPU = Debug|Any CPU
		Release|Any CPU = Release|Any CPU
	EndGlobalSection
	GlobalSection(ProjectConfigurationPlatforms) = postSolution
		{96883EE9-C8BB-4546-8B2F-ECE9F2C7FF8D}.Debug|Any CPU.ActiveCfg = Debug|Any CPU
		{96883EE9-C8BB-4546-8B2F-ECE9F2C7FF8D}.Debug|Any CPU.Build.0 = Debug|Any CPU
		{96883EE9-C8BB-4546-8B2F-ECE9F2C7FF8D}.Release|Any CPU.ActiveCfg = Release|Any CPU
		{96883EE9-C8BB-4546-8B2F-ECE9F2C7FF8D}.Release|Any CPU.Build.0 = Release|Any CPU
	EndGlobalSection
	GlobalSection(SolutionProperties) = preSolution
		HideSolutionNode = FALSE
	EndGlobalSection
	GlobalSection(ExtensibilityGlobals) = postSolution
		SolutionGuid = {6BB24A20-6B2E-43B2-BD35-4AE2509106D8}
	EndGlobalSection
EndGlobal
